Microsoft Visual Studio Solution File, Format Version 12.00
# Visual Studio Version 17
VisualStudioVersion = 17.5.2.0
MinimumVisualStudioVersion = 10.0.40219.1
Project("{2150E333-8FDC-42A3-9474-1A3956D46DE8}") = "accounting-backend", "accounting-backend", "{E66E69FD-B32C-3247-2EA3-40CFFCA48155}"
EndProject
Project("{FAE04EC0-301F-11D3-BF4B-00C04F79EFBC}") = "AccountingApp", "accounting-backend\AccountingApp.csproj", "{B2D583E7-62D6-F7F5-A470-526656F0E96B}"
EndProject
Global
	GlobalSection(SolutionConfigurationPlatforms) = preSolution
		Debug|Any CPU = Debug|Any CPU
		Release|Any CPU = Release|Any CPU
	EndGlobalSection
	GlobalSection(ProjectConfigurationPlatforms) = postSolution
		{B2D583E7-62D6-F7F5-A470-526656F0E96B}.Debug|Any CPU.ActiveCfg = Debug|Any CPU
		{B2D583E7-62D6-F7F5-A470-526656F0E96B}.Debug|Any CPU.Build.0 = Debug|Any CPU
		{B2D583E7-62D6-F7F5-A470-526656F0E96B}.Release|Any CPU.ActiveCfg = Release|Any CPU
		{B2D583E7-62D6-F7F5-A470-526656F0E96B}.Release|Any CPU.Build.0 = Release|Any CPU
	EndGlobalSection
	GlobalSection(SolutionProperties) = preSolution
		HideSolutionNode = FALSE
	EndGlobalSection
	GlobalSection(NestedProjects) = preSolution
		{B2D583E7-62D6-F7F5-A470-526656F0E96B} = {E66E69FD-B32C-3247-2EA3-40CFFCA48155}
	EndGlobalSection
	GlobalSection(ExtensibilityGlobals) = postSolution
		SolutionGuid = {21DD7BDD-1E52-4DCF-A2D4-3C8CEF07129C}
	EndGlobalSection
EndGlobal
